
Microsoft Visual Studio Solution File, Format Version 12.00
# Visual Studio Version 17
VisualStudioVersion = 17.0.31903.59
MinimumVisualStudioVersion = 10.0.40219.1
Project("{2150E333-8FDC-42A3-9474-1A3956D46DE8}") = "src", "src", "{827E0CD3-B72D-47B6-A68D-7590B98EB39B}"
EndProject
Project("{2150E333-8FDC-42A3-9474-1A3956D46DE8}") = "Core", "Core", "{8D626EA8-CB54-BC41-363A-217881BEBA6E}"
EndProject
Project("{FAE04EC0-301F-11D3-BF4B-00C04F79EFBC}") = "Servyx.Domain", "src\Core\Servyx.Domain\Servyx.Domain.csproj", "{C6D67143-2CA2-4F5C-AEC1-6F69846417CD}"
EndProject
Project("{FAE04EC0-301F-11D3-BF4B-00C04F79EFBC}") = "Servyx.Application", "src\Core\Servyx.Application\Servyx.Application.csproj", "{30E978CA-8FB5-49BC-B9C1-EC3630284D8D}"
EndProject
Project("{2150E333-8FDC-42A3-9474-1A3956D46DE8}") = "Infrastructure", "Infrastructure", "{9048EB7F-3875-A59E-E36B-5BD4C6F2A282}"
EndProject
Project("{FAE04EC0-301F-11D3-BF4B-00C04F79EFBC}") = "Servyx.Infrastructure", "src\Infrastructure\Servyx.Infrastructure\Servyx.Infrastructure.csproj", "{065D8432-FBD6-46C5-86BA-5C04BC267694}"
EndProject
Project("{FAE04EC0-301F-11D3-BF4B-00C04F79EFBC}") = "Servyx.Infrastructure.Docker", "src\Infrastructure\Servyx.Infrastructure.Docker\Servyx.Infrastructure.Docker.csproj", "{684601A9-296F-4EEA-9163-D8135E9A3B51}"
EndProject
Project("{FAE04EC0-301F-11D3-BF4B-00C04F79EFBC}") = "Servyx.Infrastructure.Ssh", "src\Infrastructure\Servyx.Infrastructure.Ssh\Servyx.Infrastructure.Ssh.csproj", "{3470EE7D-8FEF-48A6-B3F0-D4ADACE3071E}"
EndProject
Project("{2150E333-8FDC-42A3-9474-1A3956D46DE8}") = "Presentation", "Presentation", "{6996BBF7-DB31-59BC-C7DD-9A7CCC6138C4}"
EndProject
Project("{FAE04EC0-301F-11D3-BF4B-00C04F79EFBC}") = "Servyx.Web", "src\Presentation\Servyx.Web\Servyx.Web.csproj", "{285320FA-C9AE-42B6-9987-F8D14E2E1405}"
EndProject
Project("{2150E333-8FDC-42A3-9474-1A3956D46DE8}") = "Hosting", "Hosting", "{F489E2D5-C65D-9AA9-2B96-C7DF79630172}"
EndProject
Project("{FAE04EC0-301F-11D3-BF4B-00C04F79EFBC}") = "Servyx.AppHost", "src\Hosting\Servyx.AppHost\Servyx.AppHost.csproj", "{791A1774-498E-43B4-AE57-3E15F20F8501}"
EndProject
Project("{FAE04EC0-301F-11D3-BF4B-00C04F79EFBC}") = "Servyx.ServiceDefaults", "src\Hosting\Servyx.ServiceDefaults\Servyx.ServiceDefaults.csproj", "{81745390-D813-4BF3-9AFA-9F2AB9E8485A}"
EndProject
Project("{2150E333-8FDC-42A3-9474-1A3956D46DE8}") = "tests", "tests", "{0AB3BF05-4346-4AA6-1389-037BE0695223}"
EndProject
Project("{2150E333-8FDC-42A3-9474-1A3956D46DE8}") = "Core", "Core", "{5C35D9BE-388A-8745-CD5F-BB8E361A8720}"
EndProject
Project("{FAE04EC0-301F-11D3-BF4B-00C04F79EFBC}") = "Servyx.Domain.Tests", "tests\Core\Servyx.Domain.Tests\Servyx.Domain.Tests.csproj", "{AE97D77F-6AF2-40FE-B097-40DDDFA11745}"
EndProject
Project("{FAE04EC0-301F-11D3-BF4B-00C04F79EFBC}") = "Servyx.Application.Tests", "tests\Core\Servyx.Application.Tests\Servyx.Application.Tests.csproj", "{46DB2173-9A36-400D-9654-18F0F3308730}"
EndProject
Project("{2150E333-8FDC-42A3-9474-1A3956D46DE8}") = "Infrastructure", "Infrastructure", "{2CDFC2B4-03A0-2A52-1000-A892D95DD3FA}"
EndProject
Project("{FAE04EC0-301F-11D3-BF4B-00C04F79EFBC}") = "Servyx.Infrastructure.Tests", "tests\Infrastructure\Servyx.Infrastructure.Tests\Servyx.Infrastructure.Tests.csproj", "{217FB4B8-AF4D-471F-ACB4-B876DAEF2224}"
EndProject
Project("{FAE04EC0-301F-11D3-BF4B-00C04F79EFBC}") = "Servyx.Infrastructure.Docker.Tests", "tests\Infrastructure\Servyx.Infrastructure.Docker.Tests\Servyx.Infrastructure.Docker.Tests.csproj", "{0AC03C31-B774-41C7-BB7B-6B75D5E83E87}"
EndProject
Project("{2150E333-8FDC-42A3-9474-1A3956D46DE8}") = "Presentation", "Presentation", "{A63B96E9-70FC-0FDC-3588-905A57B46513}"
EndProject
Project("{FAE04EC0-301F-11D3-BF4B-00C04F79EFBC}") = "Servyx.Web.Tests", "tests\Presentation\Servyx.Web.Tests\Servyx.Web.Tests.csproj", "{432EB9FF-31F5-4347-8D64-9B659A9BFE8B}"
EndProject
Project("{FAE04EC0-301F-11D3-BF4B-00C04F79EFBC}") = "Servyx.Bdd.Tests", "tests\Servyx.Bdd.Tests\Servyx.Bdd.Tests.csproj", "{E6D33209-29F2-45D1-BDFB-22A9AD083626}"
EndProject
Project("{FAE04EC0-301F-11D3-BF4B-00C04F79EFBC}") = "Servyx.Config", "src\Infrastructure\Servyx.Config\Servyx.Config.csproj", "{C61F4B8B-C54E-4002-BA1C-D326B731384A}"
EndProject
Project("{FAE04EC0-301F-11D3-BF4B-00C04F79EFBC}") = "Servyx.Config.Tests", "tests\Infrastructure\Servyx.Config.Tests\Servyx.Config.Tests.csproj", "{E35F4364-8BAF-4A8E-9773-9A5B64131350}"
EndProject
Project("{FAE04EC0-301F-11D3-BF4B-00C04F79EFBC}") = "Servyx.Infrastructure.Ssh.Tests", "tests\Infrastructure\Servyx.Infrastructure.Ssh.Tests\Servyx.Infrastructure.Ssh.Tests.csproj", "{8347A549-7548-4894-A9C2-877DB945ADAD}"
EndProject
Project("{FAE04EC0-301F-11D3-BF4B-00C04F79EFBC}") = "Servyx.Infrastructure.Persistence", "src\Infrastructure\Servyx.Infrastructure.Persistence\Servyx.Infrastructure.Persistence.csproj", "{461602C4-8782-4CBA-9706-7560D3FE726E}"
EndProject
Project("{FAE04EC0-301F-11D3-BF4B-00C04F79EFBC}") = "Servyx.Infrastructure.Persistence.Tests", "tests\Infrastructure\Servyx.Infrastructure.Persistence.Tests\Servyx.Infrastructure.Persistence.Tests.csproj", "{FBECEB27-CBED-40F7-A48D-2E2E04ABA5CB}"
EndProject
Project("{FAE04EC0-301F-11D3-BF4B-00C04F79EFBC}") = "Servyx.Infrastructure.DigitalOcean", "src\Infrastructure\Servyx.Infrastructure.DigitalOcean\Servyx.Infrastructure.DigitalOcean.csproj", "{C93428E9-4FBC-46FC-86A5-2397FCE5CFB7}"
EndProject
Project("{FAE04EC0-301F-11D3-BF4B-00C04F79EFBC}") = "Servyx.Infrastructure.DigitalOcean.Tests", "tests\Infrastructure\Servyx.Infrastructure.DigitalOcean.Tests\Servyx.Infrastructure.DigitalOcean.Tests.csproj", "{C5FEDE59-5FF4-4E5F-B431-FCEA4BDB0F31}"
EndProject
Project("{FAE04EC0-301F-11D3-BF4B-00C04F79EFBC}") = "Servyx.Infrastructure.Azure", "src\Infrastructure\Servyx.Infrastructure.Azure\Servyx.Infrastructure.Azure.csproj", "{5173B25B-5412-4EB4-A44A-1E97E56A11FA}"
EndProject
Project("{FAE04EC0-301F-11D3-BF4B-00C04F79EFBC}") = "Servyx.Infrastructure.Azure.Tests", "tests\Infrastructure\Servyx.Infrastructure.Azure.Tests\Servyx.Infrastructure.Azure.Tests.csproj", "{C88E8EE3-D088-447E-A362-42C5B2D8BF7B}"
EndProject
Project("{FAE04EC0-301F-11D3-BF4B-00C04F79EFBC}") = "Servyx.Infrastructure.Process", "src\Infrastructure\Servyx.Infrastructure.Process\Servyx.Infrastructure.Process.csproj", "{6FFD9AD0-A541-4F47-B251-AE89EC03CD24}"
EndProject
Project("{FAE04EC0-301F-11D3-BF4B-00C04F79EFBC}") = "Servyx.Infrastructure.Process.Tests", "tests\Infrastructure\Servyx.Infrastructure.Process.Tests\Servyx.Infrastructure.Process.Tests.csproj", "{21372B0D-E8A7-425B-AEC3-C422F5BC378B}"
EndProject
Project("{FAE04EC0-301F-11D3-BF4B-00C04F79EFBC}") = "Servyx.Infrastructure.Rcon", "src\Infrastructure\Servyx.Infrastructure.Rcon\Servyx.Infrastructure.Rcon.csproj", "{15A52374-75BD-4E5D-8468-84CB06D814D2}"
EndProject
Project("{FAE04EC0-301F-11D3-BF4B-00C04F79EFBC}") = "Servyx.Infrastructure.Rcon.Tests", "tests\Infrastructure\Servyx.Infrastructure.Rcon.Tests\Servyx.Infrastructure.Rcon.Tests.csproj", "{2A12A8EA-BEB0-4617-A45E-A8D00A8783CF}"
EndProject
Project("{FAE04EC0-301F-11D3-BF4B-00C04F79EFBC}") = "Servyx.Infrastructure.Aws", "src\Infrastructure\Servyx.Infrastructure.Aws\Servyx.Infrastructure.Aws.csproj", "{6D2EAC15-648C-4E75-A5A9-3A350C687F6A}"
EndProject
Project("{FAE04EC0-301F-11D3-BF4B-00C04F79EFBC}") = "Servyx.Infrastructure.Aws.Tests", "tests\Infrastructure\Servyx.Infrastructure.Aws.Tests\Servyx.Infrastructure.Aws.Tests.csproj", "{7A0959F9-A796-4F82-AC53-B0299C5E7F0B}"
EndProject
Project("{2150E333-8FDC-42A3-9474-1A3956D46DE8}") = "Core", "Core", "{FBF56CC3-7AE6-AD2D-3F14-7F97FD322CD6}"
EndProject
Project("{FAE04EC0-301F-11D3-BF4B-00C04F79EFBC}") = "Servyx.Definitions", "src\Core\Servyx.Definitions\Servyx.Definitions.csproj", "{502C0B13-92E8-4869-83E8-9B1A5F4FDD53}"
EndProject
Project("{FAE04EC0-301F-11D3-BF4B-00C04F79EFBC}") = "Servyx.Definitions.Tests", "tests\Core\Servyx.Definitions.Tests\Servyx.Definitions.Tests.csproj", "{30F16C9C-8B07-446C-8D62-57E402AAC644}"
EndProject
Global
	GlobalSection(SolutionConfigurationPlatforms) = preSolution
		Debug|Any CPU = Debug|Any CPU
		Debug|x64 = Debug|x64
		Debug|x86 = Debug|x86
		Release|Any CPU = Release|Any CPU
		Release|x64 = Release|x64
		Release|x86 = Release|x86
	EndGlobalSection
	GlobalSection(ProjectConfigurationPlatforms) = postSolution
		{C6D67143-2CA2-4F5C-AEC1-6F69846417CD}.Debug|Any CPU.ActiveCfg = Debug|Any CPU
		{C6D67143-2CA2-4F5C-AEC1-6F69846417CD}.Debug|Any CPU.Build.0 = Debug|Any CPU
		{C6D67143-2CA2-4F5C-AEC1-6F69846417CD}.Debug|x64.ActiveCfg = Debug|Any CPU
		{C6D67143-2CA2-4F5C-AEC1-6F69846417CD}.Debug|x64.Build.0 = Debug|Any CPU
		{C6D67143-2CA2-4F5C-AEC1-6F69846417CD}.Debug|x86.ActiveCfg = Debug|Any CPU
		{C6D67143-2CA2-4F5C-AEC1-6F69846417CD}.Debug|x86.Build.0 = Debug|Any CPU
		{C6D67143-2CA2-4F5C-AEC1-6F69846417CD}.Release|Any CPU.ActiveCfg = Release|Any CPU
		{C6D67143-2CA2-4F5C-AEC1-6F69846417CD}.Release|Any CPU.Build.0 = Release|Any CPU
		{C6D67143-2CA2-4F5C-AEC1-6F69846417CD}.Release|x64.ActiveCfg = Release|Any CPU
		{C6D67143-2CA2-4F5C-AEC1-6F69846417CD}.Release|x64.Build.0 = Release|Any CPU
		{C6D67143-2CA2-4F5C-AEC1-6F69846417CD}.Release|x86.ActiveCfg = Release|Any CPU
		{C6D67143-2CA2-4F5C-AEC1-6F69846417CD}.Release|x86.Build.0 = Release|Any CPU
		{30E978CA-8FB5-49BC-B9C1-EC3630284D8D}.Debug|Any CPU.ActiveCfg = Debug|Any CPU
		{30E978CA-8FB5-49BC-B9C1-EC3630284D8D}.Debug|Any CPU.Build.0 = Debug|Any CPU
		{30E978CA-8FB5-49BC-B9C1-EC3630284D8D}.Debug|x64.ActiveCfg = Debug|Any CPU
		{30E978CA-8FB5-49BC-B9C1-EC3630284D8D}.Debug|x64.Build.0 = Debug|Any CPU
		{30E978CA-8FB5-49BC-B9C1-EC3630284D8D}.Debug|x86.ActiveCfg = Debug|Any CPU
		{30E978CA-8FB5-49BC-B9C1-EC3630284D8D}.Debug|x86.Build.0 = Debug|Any CPU
		{30E978CA-8FB5-49BC-B9C1-EC3630284D8D}.Release|Any CPU.ActiveCfg = Release|Any CPU
		{30E978CA-8FB5-49BC-B9C1-EC3630284D8D}.Release|Any CPU.Build.0 = Release|Any CPU
		{30E978CA-8FB5-49BC-B9C1-EC3630284D8D}.Release|x64.ActiveCfg = Release|Any CPU
		{30E978CA-8FB5-49BC-B9C1-EC3630284D8D}.Release|x64.Build.0 = Release|Any CPU
		{30E978CA-8FB5-49BC-B9C1-EC3630284D8D}.Release|x86.ActiveCfg = Release|Any CPU
		{30E978CA-8FB5-49BC-B9C1-EC3630284D8D}.Release|x86.Build.0 = Release|Any CPU
		{065D8432-FBD6-46C5-86BA-5C04BC267694}.Debug|Any CPU.ActiveCfg = Debug|Any CPU
		{065D8432-FBD6-46C5-86BA-5C04BC267694}.Debug|Any CPU.Build.0 = Debug|Any CPU
		{065D8432-FBD6-46C5-86BA-5C04BC267694}.Debug|x64.ActiveCfg = Debug|Any CPU
		{065D8432-FBD6-46C5-86BA-5C04BC267694}.Debug|x64.Build.0 = Debug|Any CPU
		{065D8432-FBD6-46C5-86BA-5C04BC267694}.Debug|x86.ActiveCfg = Debug|Any CPU
		{065D8432-FBD6-46C5-86BA-5C04BC267694}.Debug|x86.Build.0 = Debug|Any CPU
		{065D8432-FBD6-46C5-86BA-5C04BC267694}.Release|Any CPU.ActiveCfg = Release|Any CPU
		{065D8432-FBD6-46C5-86BA-5C04BC267694}.Release|Any CPU.Build.0 = Release|Any CPU
		{065D8432-FBD6-46C5-86BA-5C04BC267694}.Release|x64.ActiveCfg = Release|Any CPU
		{065D8432-FBD6-46C5-86BA-5C04BC267694}.Release|x64.Build.0 = Release|Any CPU
		{065D8432-FBD6-46C5-86BA-5C04BC267694}.Release|x86.ActiveCfg = Release|Any CPU
		{065D8432-FBD6-46C5-86BA-5C04BC267694}.Release|x86.Build.0 = Release|Any CPU
		{684601A9-296F-4EEA-9163-D8135E9A3B51}.Debug|Any CPU.ActiveCfg = Debug|Any CPU
		{684601A9-296F-4EEA-9163-D8135E9A3B51}.Debug|Any CPU.Build.0 = Debug|Any CPU
		{684601A9-296F-4EEA-9163-D8135E9A3B51}.Debug|x64.ActiveCfg = Debug|Any CPU
		{684601A9-296F-4EEA-9163-D8135E9A3B51}.Debug|x64.Build.0 = Debug|Any CPU
		{684601A9-296F-4EEA-9163-D8135E9A3B51}.Debug|x86.ActiveCfg = Debug|Any CPU
		{684601A9-296F-4EEA-9163-D8135E9A3B51}.Debug|x86.Build.0 = Debug|Any CPU
		{684601A9-296F-4EEA-9163-D8135E9A3B51}.Release|Any CPU.ActiveCfg = Release|Any CPU
		{684601A9-296F-4EEA-9163-D8135E9A3B51}.Release|Any CPU.Build.0 = Release|Any CPU
		{684601A9-296F-4EEA-9163-D8135E9A3B51}.Release|x64.ActiveCfg = Release|Any CPU
		{684601A9-296F-4EEA-9163-D8135E9A3B51}.Release|x64.Build.0 = Release|Any CPU
		{684601A9-296F-4EEA-9163-D8135E9A3B51}.Release|x86.ActiveCfg = Release|Any CPU
		{684601A9-296F-4EEA-9163-D8135E9A3B51}.Release|x86.Build.0 = Release|Any CPU
		{3470EE7D-8FEF-48A6-B3F0-D4ADACE3071E}.Debug|Any CPU.ActiveCfg = Debug|Any CPU
		{3470EE7D-8FEF-48A6-B3F0-D4ADACE3071E}.Debug|Any CPU.Build.0 = Debug|Any CPU
		{3470EE7D-8FEF-48A6-B3F0-D4ADACE3071E}.Debug|x64.ActiveCfg = Debug|Any CPU
		{3470EE7D-8FEF-48A6-B3F0-D4ADACE3071E}.Debug|x64.Build.0 = Debug|Any CPU
		{3470EE7D-8FEF-48A6-B3F0-D4ADACE3071E}.Debug|x86.ActiveCfg = Debug|Any CPU
		{3470EE7D-8FEF-48A6-B3F0-D4ADACE3071E}.Debug|x86.Build.0 = Debug|Any CPU
		{3470EE7D-8FEF-48A6-B3F0-D4ADACE3071E}.Release|Any CPU.ActiveCfg = Release|Any CPU
		{3470EE7D-8FEF-48A6-B3F0-D4ADACE3071E}.Release|Any CPU.Build.0 = Release|Any CPU
		{3470EE7D-8FEF-48A6-B3F0-D4ADACE3071E}.Release|x64.ActiveCfg = Release|Any CPU
		{3470EE7D-8FEF-48A6-B3F0-D4ADACE3071E}.Release|x64.Build.0 = Release|Any CPU
		{3470EE7D-8FEF-48A6-B3F0-D4ADACE3071E}.Release|x86.ActiveCfg = Release|Any CPU
		{3470EE7D-8FEF-48A6-B3F0-D4ADACE3071E}.Release|x86.Build.0 = Release|Any CPU
		{285320FA-C9AE-42B6-9987-F8D14E2E1405}.Debug|Any CPU.ActiveCfg = Debug|Any CPU
		{285320FA-C9AE-42B6-9987-F8D14E2E1405}.Debug|Any CPU.Build.0 = Debug|Any CPU
		{285320FA-C9AE-42B6-9987-F8D14E2E1405}.Debug|x64.ActiveCfg = Debug|Any CPU
		{285320FA-C9AE-42B6-9987-F8D14E2E1405}.Debug|x64.Build.0 = Debug|Any CPU
		{285320FA-C9AE-42B6-9987-F8D14E2E1405}.Debug|x86.ActiveCfg = Debug|Any CPU
		{285320FA-C9AE-42B6-9987-F8D14E2E1405}.Debug|x86.Build.0 = Debug|Any CPU
		{285320FA-C9AE-42B6-9987-F8D14E2E1405}.Release|Any CPU.ActiveCfg = Release|Any CPU
		{285320FA-C9AE-42B6-9987-F8D14E2E1405}.Release|Any CPU.Build.0 = Release|Any CPU
		{285320FA-C9AE-42B6-9987-F8D14E2E1405}.Release|x64.ActiveCfg = Release|Any CPU
		{285320FA-C9AE-42B6-9987-F8D14E2E1405}.Release|x64.Build.0 = Release|Any CPU
		{285320FA-C9AE-42B6-9987-F8D14E2E1405}.Release|x86.ActiveCfg = Release|Any CPU
		{285320FA-C9AE-42B6-9987-F8D14E2E1405}.Release|x86.Build.0 = Release|Any CPU
		{791A1774-498E-43B4-AE57-3E15F20F8501}.Debug|Any CPU.ActiveCfg = Debug|Any CPU
		{791A1774-498E-43B4-AE57-3E15F20F8501}.Debug|Any CPU.Build.0 = Debug|Any CPU
		{791A1774-498E-43B4-AE57-3E15F20F8501}.Debug|x64.ActiveCfg = Debug|Any CPU
		{791A1774-498E-43B4-AE57-3E15F20F8501}.Debug|x64.Build.0 = Debug|Any CPU
		{791A1774-498E-43B4-AE57-3E15F20F8501}.Debug|x86.ActiveCfg = Debug|Any CPU
		{791A1774-498E-43B4-AE57-3E15F20F8501}.Debug|x86.Build.0 = Debug|Any CPU
		{791A1774-498E-43B4-AE57-3E15F20F8501}.Release|Any CPU.ActiveCfg = Release|Any CPU
		{791A1774-498E-43B4-AE57-3E15F20F8501}.Release|Any CPU.Build.0 = Release|Any CPU
		{791A1774-498E-43B4-AE57-3E15F20F8501}.Release|x64.ActiveCfg = Release|Any CPU
		{791A1774-498E-43B4-AE57-3E15F20F8501}.Release|x64.Build.0 = Release|Any CPU
		{791A1774-498E-43B4-AE57-3E15F20F8501}.Release|x86.ActiveCfg = Release|Any CPU
		{791A1774-498E-43B4-AE57-3E15F20F8501}.Release|x86.Build.0 = Release|Any CPU
		{81745390-D813-4BF3-9AFA-9F2AB9E8485A}.Debug|Any CPU.ActiveCfg = Debug|Any CPU
		{81745390-D813-4BF3-9AFA-9F2AB9E8485A}.Debug|Any CPU.Build.0 = Debug|Any CPU
		{81745390-D813-4BF3-9AFA-9F2AB9E8485A}.Debug|x64.ActiveCfg = Debug|Any CPU
		{81745390-D813-4BF3-9AFA-9F2AB9E8485A}.Debug|x64.Build.0 = Debug|Any CPU
		{81745390-D813-4BF3-9AFA-9F2AB9E8485A}.Debug|x86.ActiveCfg = Debug|Any CPU
		{81745390-D813-4BF3-9AFA-9F2AB9E8485A}.Debug|x86.Build.0 = Debug|Any CPU
		{81745390-D813-4BF3-9AFA-9F2AB9E8485A}.Release|Any CPU.ActiveCfg = Release|Any CPU
		{81745390-D813-4BF3-9AFA-9F2AB9E8485A}.Release|Any CPU.Build.0 = Release|Any CPU
		{81745390-D813-4BF3-9AFA-9F2AB9E8485A}.Release|x64.ActiveCfg = Release|Any CPU
		{81745390-D813-4BF3-9AFA-9F2AB9E8485A}.Release|x64.Build.0 = Release|Any CPU
		{81745390-D813-4BF3-9AFA-9F2AB9E8485A}.Release|x86.ActiveCfg = Release|Any CPU
		{81745390-D813-4BF3-9AFA-9F2AB9E8485A}.Release|x86.Build.0 = Release|Any CPU
		{AE97D77F-6AF2-40FE-B097-40DDDFA11745}.Debug|Any CPU.ActiveCfg = Debug|Any CPU
		{AE97D77F-6AF2-40FE-B097-40DDDFA11745}.Debug|Any CPU.Build.0 = Debug|Any CPU
		{AE97D77F-6AF2-40FE-B097-40DDDFA11745}.Debug|x64.ActiveCfg = Debug|Any CPU
		{AE97D77F-6AF2-40FE-B097-40DDDFA11745}.Debug|x64.Build.0 = Debug|Any CPU
		{AE97D77F-6AF2-40FE-B097-40DDDFA11745}.Debug|x86.ActiveCfg = Debug|Any CPU
		{AE97D77F-6AF2-40FE-B097-40DDDFA11745}.Debug|x86.Build.0 = Debug|Any CPU
		{AE97D77F-6AF2-40FE-B097-40DDDFA11745}.Release|Any CPU.ActiveCfg = Release|Any CPU
		{AE97D77F-6AF2-40FE-B097-40DDDFA11745}.Release|Any CPU.Build.0 = Release|Any CPU
		{AE97D77F-6AF2-40FE-B097-40DDDFA11745}.Release|x64.ActiveCfg = Release|Any CPU
		{AE97D77F-6AF2-40FE-B097-40DDDFA11745}.Release|x64.Build.0 = Release|Any CPU
		{AE97D77F-6AF2-40FE-B097-40DDDFA11745}.Release|x86.ActiveCfg = Release|Any CPU
		{AE97D77F-6AF2-40FE-B097-40DDDFA11745}.Release|x86.Build.0 = Release|Any CPU
		{46DB2173-9A36-400D-9654-18F0F3308730}.Debug|Any CPU.ActiveCfg = Debug|Any CPU
		{46DB2173-9A36-400D-9654-18F0F3308730}.Debug|Any CPU.Build.0 = Debug|Any CPU
		{46DB2173-9A36-400D-9654-18F0F3308730}.Debug|x64.ActiveCfg = Debug|Any CPU
		{46DB2173-9A36-400D-9654-18F0F3308730}.Debug|x64.Build.0 = Debug|Any CPU
		{46DB2173-9A36-400D-9654-18F0F3308730}.Debug|x86.ActiveCfg = Debug|Any CPU
		{46DB2173-9A36-400D-9654-18F0F3308730}.Debug|x86.Build.0 = Debug|Any CPU
		{46DB2173-9A36-400D-9654-18F0F3308730}.Release|Any CPU.ActiveCfg = Release|Any CPU
		{46DB2173-9A36-400D-9654-18F0F3308730}.Release|Any CPU.Build.0 = Release|Any CPU
		{46DB2173-9A36-400D-9654-18F0F3308730}.Release|x64.ActiveCfg = Release|Any CPU
		{46DB2173-9A36-400D-9654-18F0F3308730}.Release|x64.Build.0 = Release|Any CPU
		{46DB2173-9A36-400D-9654-18F0F3308730}.Release|x86.ActiveCfg = Release|Any CPU
		{46DB2173-9A36-400D-9654-18F0F3308730}.Release|x86.Build.0 = Release|Any CPU
		{217FB4B8-AF4D-471F-ACB4-B876DAEF2224}.Debug|Any CPU.ActiveCfg = Debug|Any CPU
		{217FB4B8-AF4D-471F-ACB4-B876DAEF2224}.Debug|Any CPU.Build.0 = Debug|Any CPU
		{217FB4B8-AF4D-471F-ACB4-B876DAEF2224}.Debug|x64.ActiveCfg = Debug|Any CPU
		{217FB4B8-AF4D-471F-ACB4-B876DAEF2224}.Debug|x64.Build.0 = Debug|Any CPU
		{217FB4B8-AF4D-471F-ACB4-B876DAEF2224}.Debug|x86.ActiveCfg = Debug|Any CPU
		{217FB4B8-AF4D-471F-ACB4-B876DAEF2224}.Debug|x86.Build.0 = Debug|Any CPU
		{217FB4B8-AF4D-471F-ACB4-B876DAEF2224}.Release|Any CPU.ActiveCfg = Release|Any CPU
		{217FB4B8-AF4D-471F-ACB4-B876DAEF2224}.Release|Any CPU.Build.0 = Release|Any CPU
		{217FB4B8-AF4D-471F-ACB4-B876DAEF2224}.Release|x64.ActiveCfg = Release|Any CPU
		{217FB4B8-AF4D-471F-ACB4-B876DAEF2224}.Release|x64.Build.0 = Release|Any CPU
		{217FB4B8-AF4D-471F-ACB4-B876DAEF2224}.Release|x86.ActiveCfg = Release|Any CPU
		{217FB4B8-AF4D-471F-ACB4-B876DAEF2224}.Release|x86.Build.0 = Release|Any CPU
		{0AC03C31-B774-41C7-BB7B-6B75D5E83E87}.Debug|Any CPU.ActiveCfg = Debug|Any CPU
		{0AC03C31-B774-41C7-BB7B-6B75D5E83E87}.Debug|Any CPU.Build.0 = Debug|Any CPU
		{0AC03C31-B774-41C7-BB7B-6B75D5E83E87}.Debug|x64.ActiveCfg = Debug|Any CPU
		{0AC03C31-B774-41C7-BB7B-6B75D5E83E87}.Debug|x64.Build.0 = Debug|Any CPU
		{0AC03C31-B774-41C7-BB7B-6B75D5E83E87}.Debug|x86.ActiveCfg = Debug|Any CPU
		{0AC03C31-B774-41C7-BB7B-6B75D5E83E87}.Debug|x86.Build.0 = Debug|Any CPU
		{0AC03C31-B774-41C7-BB7B-6B75D5E83E87}.Release|Any CPU.ActiveCfg = Release|Any CPU
		{0AC03C31-B774-41C7-BB7B-6B75D5E83E87}.Release|Any CPU.Build.0 = Release|Any CPU
		{0AC03C31-B774-41C7-BB7B-6B75D5E83E87}.Release|x64.ActiveCfg = Release|Any CPU
		{0AC03C31-B774-41C7-BB7B-6B75D5E83E87}.Release|x64.Build.0 = Release|Any CPU
		{0AC03C31-B774-41C7-BB7B-6B75D5E83E87}.Release|x86.ActiveCfg = Release|Any CPU
		{0AC03C31-B774-41C7-BB7B-6B75D5E83E87}.Release|x86.Build.0 = Release|Any CPU
		{432EB9FF-31F5-4347-8D64-9B659A9BFE8B}.Debug|Any CPU.ActiveCfg = Debug|Any CPU
		{432EB9FF-31F5-4347-8D64-9B659A9BFE8B}.Debug|Any CPU.Build.0 = Debug|Any CPU
		{432EB9FF-31F5-4347-8D64-9B659A9BFE8B}.Debug|x64.ActiveCfg = Debug|Any CPU
		{432EB9FF-31F5-4347-8D64-9B659A9BFE8B}.Debug|x64.Build.0 = Debug|Any CPU
		{432EB9FF-31F5-4347-8D64-9B659A9BFE8B}.Debug|x86.ActiveCfg = Debug|Any CPU
		{432EB9FF-31F5-4347-8D64-9B659A9BFE8B}.Debug|x86.Build.0 = Debug|Any CPU
		{432EB9FF-31F5-4347-8D64-9B659A9BFE8B}.Release|Any CPU.ActiveCfg = Release|Any CPU
		{432EB9FF-31F5-4347-8D64-9B659A9BFE8B}.Release|Any CPU.Build.0 = Release|Any CPU
		{432EB9FF-31F5-4347-8D64-9B659A9BFE8B}.Release|x64.ActiveCfg = Release|Any CPU
		{432EB9FF-31F5-4347-8D64-9B659A9BFE8B}.Release|x64.Build.0 = Release|Any CPU
		{432EB9FF-31F5-4347-8D64-9B659A9BFE8B}.Release|x86.ActiveCfg = Release|Any CPU
		{432EB9FF-31F5-4347-8D64-9B659A9BFE8B}.Release|x86.Build.0 = Release|Any CPU
		{E6D33209-29F2-45D1-BDFB-22A9AD083626}.Debug|Any CPU.ActiveCfg = Debug|Any CPU
		{E6D33209-29F2-45D1-BDFB-22A9AD083626}.Debug|Any CPU.Build.0 = Debug|Any CPU
		{E6D33209-29F2-45D1-BDFB-22A9AD083626}.Debug|x64.ActiveCfg = Debug|Any CPU
		{E6D33209-29F2-45D1-BDFB-22A9AD083626}.Debug|x64.Build.0 = Debug|Any CPU
		{E6D33209-29F2-45D1-BDFB-22A9AD083626}.Debug|x86.ActiveCfg = Debug|Any CPU
		{E6D33209-29F2-45D1-BDFB-22A9AD083626}.Debug|x86.Build.0 = Debug|Any CPU
		{E6D33209-29F2-45D1-BDFB-22A9AD083626}.Release|Any CPU.ActiveCfg = Release|Any CPU
		{E6D33209-29F2-45D1-BDFB-22A9AD083626}.Release|Any CPU.Build.0 = Release|Any CPU
		{E6D33209-29F2-45D1-BDFB-22A9AD083626}.Release|x64.ActiveCfg = Release|Any CPU
		{E6D33209-29F2-45D1-BDFB-22A9AD083626}.Release|x64.Build.0 = Release|Any CPU
		{E6D33209-29F2-45D1-BDFB-22A9AD083626}.Release|x86.ActiveCfg = Release|Any CPU
		{E6D33209-29F2-45D1-BDFB-22A9AD083626}.Release|x86.Build.0 = Release|Any CPU
		{C61F4B8B-C54E-4002-BA1C-D326B731384A}.Debug|Any CPU.ActiveCfg = Debug|Any CPU
		{C61F4B8B-C54E-4002-BA1C-D326B731384A}.Debug|Any CPU.Build.0 = Debug|Any CPU
		{C61F4B8B-C54E-4002-BA1C-D326B731384A}.Debug|x64.ActiveCfg = Debug|Any CPU
		{C61F4B8B-C54E-4002-BA1C-D326B731384A}.Debug|x64.Build.0 = Debug|Any CPU
		{C61F4B8B-C54E-4002-BA1C-D326B731384A}.Debug|x86.ActiveCfg = Debug|Any CPU
		{C61F4B8B-C54E-4002-BA1C-D326B731384A}.Debug|x86.Build.0 = Debug|Any CPU
		{C61F4B8B-C54E-4002-BA1C-D326B731384A}.Release|Any CPU.ActiveCfg = Release|Any CPU
		{C61F4B8B-C54E-4002-BA1C-D326B731384A}.Release|Any CPU.Build.0 = Release|Any CPU
		{C61F4B8B-C54E-4002-BA1C-D326B731384A}.Release|x64.ActiveCfg = Release|Any CPU
		{C61F4B8B-C54E-4002-BA1C-D326B731384A}.Release|x64.Build.0 = Release|Any CPU
		{C61F4B8B-C54E-4002-BA1C-D326B731384A}.Release|x86.ActiveCfg = Release|Any CPU
		{C61F4B8B-C54E-4002-BA1C-D326B731384A}.Release|x86.Build.0 = Release|Any CPU
		{E35F4364-8BAF-4A8E-9773-9A5B64131350}.Debug|Any CPU.ActiveCfg = Debug|Any CPU
		{E35F4364-8BAF-4A8E-9773-9A5B64131350}.Debug|Any CPU.Build.0 = Debug|Any CPU
		{E35F4364-8BAF-4A8E-9773-9A5B64131350}.Debug|x64.ActiveCfg = Debug|Any CPU
		{E35F4364-8BAF-4A8E-9773-9A5B64131350}.Debug|x64.Build.0 = Debug|Any CPU
		{E35F4364-8BAF-4A8E-9773-9A5B64131350}.Debug|x86.ActiveCfg = Debug|Any CPU
		{E35F4364-8BAF-4A8E-9773-9A5B64131350}.Debug|x86.Build.0 = Debug|Any CPU
		{E35F4364-8BAF-4A8E-9773-9A5B64131350}.Release|Any CPU.ActiveCfg = Release|Any CPU
		{E35F4364-8BAF-4A8E-9773-9A5B64131350}.Release|Any CPU.Build.0 = Release|Any CPU
		{E35F4364-8BAF-4A8E-9773-9A5B64131350}.Release|x64.ActiveCfg = Release|Any CPU
		{E35F4364-8BAF-4A8E-9773-9A5B64131350}.Release|x64.Build.0 = Release|Any CPU
		{E35F4364-8BAF-4A8E-9773-9A5B64131350}.Release|x86.ActiveCfg = Release|Any CPU
		{E35F4364-8BAF-4A8E-9773-9A5B64131350}.Release|x86.Build.0 = Release|Any CPU
		{8347A549-7548-4894-A9C2-877DB945ADAD}.Debug|Any CPU.ActiveCfg = Debug|Any CPU
		{8347A549-7548-4894-A9C2-877DB945ADAD}.Debug|Any CPU.Build.0 = Debug|Any CPU
		{8347A549-7548-4894-A9C2-877DB945ADAD}.Debug|x64.ActiveCfg = Debug|Any CPU
		{8347A549-7548-4894-A9C2-877DB945ADAD}.Debug|x64.Build.0 = Debug|Any CPU
		{8347A549-7548-4894-A9C2-877DB945ADAD}.Debug|x86.ActiveCfg = Debug|Any CPU
		{8347A549-7548-4894-A9C2-877DB945ADAD}.Debug|x86.Build.0 = Debug|Any CPU
		{8347A549-7548-4894-A9C2-877DB945ADAD}.Release|Any CPU.ActiveCfg = Release|Any CPU
		{8347A549-7548-4894-A9C2-877DB945ADAD}.Release|Any CPU.Build.0 = Release|Any CPU
		{8347A549-7548-4894-A9C2-877DB945ADAD}.Release|x64.ActiveCfg = Release|Any CPU
		{8347A549-7548-4894-A9C2-877DB945ADAD}.Release|x64.Build.0 = Release|Any CPU
		{8347A549-7548-4894-A9C2-877DB945ADAD}.Release|x86.ActiveCfg = Release|Any CPU
		{8347A549-7548-4894-A9C2-877DB945ADAD}.Release|x86.Build.0 = Release|Any CPU
		{461602C4-8782-4CBA-9706-7560D3FE726E}.Debug|Any CPU.ActiveCfg = Debug|Any CPU
		{461602C4-8782-4CBA-9706-7560D3FE726E}.Debug|Any CPU.Build.0 = Debug|Any CPU
		{461602C4-8782-4CBA-9706-7560D3FE726E}.Debug|x64.ActiveCfg = Debug|Any CPU
		{461602C4-8782-4CBA-9706-7560D3FE726E}.Debug|x64.Build.0 = Debug|Any CPU
		{461602C4-8782-4CBA-9706-7560D3FE726E}.Debug|x86.ActiveCfg = Debug|Any CPU
		{461602C4-8782-4CBA-9706-7560D3FE726E}.Debug|x86.Build.0 = Debug|Any CPU
		{461602C4-8782-4CBA-9706-7560D3FE726E}.Release|Any CPU.ActiveCfg = Release|Any CPU
		{461602C4-8782-4CBA-9706-7560D3FE726E}.Release|Any CPU.Build.0 = Release|Any CPU
		{461602C4-8782-4CBA-9706-7560D3FE726E}.Release|x64.ActiveCfg = Release|Any CPU
		{461602C4-8782-4CBA-9706-7560D3FE726E}.Release|x64.Build.0 = Release|Any CPU
		{461602C4-8782-4CBA-9706-7560D3FE726E}.Release|x86.ActiveCfg = Release|Any CPU
		{461602C4-8782-4CBA-9706-7560D3FE726E}.Release|x86.Build.0 = Release|Any CPU
		{FBECEB27-CBED-40F7-A48D-2E2E04ABA5CB}.Debug|Any CPU.ActiveCfg = Debug|Any CPU
		{FBECEB27-CBED-40F7-A48D-2E2E04ABA5CB}.Debug|Any CPU.Build.0 = Debug|Any CPU
		{FBECEB27-CBED-40F7-A48D-2E2E04ABA5CB}.Debug|x64.ActiveCfg = Debug|Any CPU
		{FBECEB27-CBED-40F7-A48D-2E2E04ABA5CB}.Debug|x64.Build.0 = Debug|Any CPU
		{FBECEB27-CBED-40F7-A48D-2E2E04ABA5CB}.Debug|x86.ActiveCfg = Debug|Any CPU
		{FBECEB27-CBED-40F7-A48D-2E2E04ABA5CB}.Debug|x86.Build.0 = Debug|Any CPU
		{FBECEB27-CBED-40F7-A48D-2E2E04ABA5CB}.Release|Any CPU.ActiveCfg = Release|Any CPU
		{FBECEB27-CBED-40F7-A48D-2E2E04ABA5CB}.Release|Any CPU.Build.0 = Release|Any CPU
		{FBECEB27-CBED-40F7-A48D-2E2E04ABA5CB}.Release|x64.ActiveCfg = Release|Any CPU
		{FBECEB27-CBED-40F7-A48D-2E2E04ABA5CB}.Release|x64.Build.0 = Release|Any CPU
		{FBECEB27-CBED-40F7-A48D-2E2E04ABA5CB}.Release|x86.ActiveCfg = Release|Any CPU
		{FBECEB27-CBED-40F7-A48D-2E2E04ABA5CB}.Release|x86.Build.0 = Release|Any CPU
		{C93428E9-4FBC-46FC-86A5-2397FCE5CFB7}.Debug|Any CPU.ActiveCfg = Debug|Any CPU
		{C93428E9-4FBC-46FC-86A5-2397FCE5CFB7}.Debug|Any CPU.Build.0 = Debug|Any CPU
		{C93428E9-4FBC-46FC-86A5-2397FCE5CFB7}.Debug|x64.ActiveCfg = Debug|Any CPU
		{C93428E9-4FBC-46FC-86A5-2397FCE5CFB7}.Debug|x64.Build.0 = Debug|Any CPU
		{C93428E9-4FBC-46FC-86A5-2397FCE5CFB7}.Debug|x86.ActiveCfg = Debug|Any CPU
		{C93428E9-4FBC-46FC-86A5-2397FCE5CFB7}.Debug|x86.Build.0 = Debug|Any CPU
		{C93428E9-4FBC-46FC-86A5-2397FCE5CFB7}.Release|Any CPU.ActiveCfg = Release|Any CPU
		{C93428E9-4FBC-46FC-86A5-2397FCE5CFB7}.Release|Any CPU.Build.0 = Release|Any CPU
		{C93428E9-4FBC-46FC-86A5-2397FCE5CFB7}.Release|x64.ActiveCfg = Release|Any CPU
		{C93428E9-4FBC-46FC-86A5-2397FCE5CFB7}.Release|x64.Build.0 = Release|Any CPU
		{C93428E9-4FBC-46FC-86A5-2397FCE5CFB7}.Release|x86.ActiveCfg = Release|Any CPU
		{C93428E9-4FBC-46FC-86A5-2397FCE5CFB7}.Release|x86.Build.0 = Release|Any CPU
		{C5FEDE59-5FF4-4E5F-B431-FCEA4BDB0F31}.Debug|Any CPU.ActiveCfg = Debug|Any CPU
		{C5FEDE59-5FF4-4E5F-B431-FCEA4BDB0F31}.Debug|Any CPU.Build.0 = Debug|Any CPU
		{C5FEDE59-5FF4-4E5F-B431-FCEA4BDB0F31}.Debug|x64.ActiveCfg = Debug|Any CPU
		{C5FEDE59-5FF4-4E5F-B431-FCEA4BDB0F31}.Debug|x64.Build.0 = Debug|Any CPU
		{C5FEDE59-5FF4-4E5F-B431-FCEA4BDB0F31}.Debug|x86.ActiveCfg = Debug|Any CPU
		{C5FEDE59-5FF4-4E5F-B431-FCEA4BDB0F31}.Debug|x86.Build.0 = Debug|Any CPU
		{C5FEDE59-5FF4-4E5F-B431-FCEA4BDB0F31}.Release|Any CPU.ActiveCfg = Release|Any CPU
		{C5FEDE59-5FF4-4E5F-B431-FCEA4BDB0F31}.Release|Any CPU.Build.0 = Release|Any CPU
		{C5FEDE59-5FF4-4E5F-B431-FCEA4BDB0F31}.Release|x64.ActiveCfg = Release|Any CPU
		{C5FEDE59-5FF4-4E5F-B431-FCEA4BDB0F31}.Release|x64.Build.0 = Release|Any CPU
		{C5FEDE59-5FF4-4E5F-B431-FCEA4BDB0F31}.Release|x86.ActiveCfg = Release|Any CPU
		{C5FEDE59-5FF4-4E5F-B431-FCEA4BDB0F31}.Release|x86.Build.0 = Release|Any CPU
		{5173B25B-5412-4EB4-A44A-1E97E56A11FA}.Debug|Any CPU.ActiveCfg = Debug|Any CPU
		{5173B25B-5412-4EB4-A44A-1E97E56A11FA}.Debug|Any CPU.Build.0 = Debug|Any CPU
		{5173B25B-5412-4EB4-A44A-1E97E56A11FA}.Debug|x64.ActiveCfg = Debug|Any CPU
		{5173B25B-5412-4EB4-A44A-1E97E56A11FA}.Debug|x64.Build.0 = Debug|Any CPU
		{5173B25B-5412-4EB4-A44A-1E97E56A11FA}.Debug|x86.ActiveCfg = Debug|Any CPU
		{5173B25B-5412-4EB4-A44A-1E97E56A11FA}.Debug|x86.Build.0 = Debug|Any CPU
		{5173B25B-5412-4EB4-A44A-1E97E56A11FA}.Release|Any CPU.ActiveCfg = Release|Any CPU
		{5173B25B-5412-4EB4-A44A-1E97E56A11FA}.Release|Any CPU.Build.0 = Release|Any CPU
		{5173B25B-5412-4EB4-A44A-1E97E56A11FA}.Release|x64.ActiveCfg = Release|Any CPU
		{5173B25B-5412-4EB4-A44A-1E97E56A11FA}.Release|x64.Build.0 = Release|Any CPU
		{5173B25B-5412-4EB4-A44A-1E97E56A11FA}.Release|x86.ActiveCfg = Release|Any CPU
		{5173B25B-5412-4EB4-A44A-1E97E56A11FA}.Release|x86.Build.0 = Release|Any CPU
		{C88E8EE3-D088-447E-A362-42C5B2D8BF7B}.Debug|Any CPU.ActiveCfg = Debug|Any CPU
		{C88E8EE3-D088-447E-A362-42C5B2D8BF7B}.Debug|Any CPU.Build.0 = Debug|Any CPU
		{C88E8EE3-D088-447E-A362-42C5B2D8BF7B}.Debug|x64.ActiveCfg = Debug|Any CPU
		{C88E8EE3-D088-447E-A362-42C5B2D8BF7B}.Debug|x64.Build.0 = Debug|Any CPU
		{C88E8EE3-D088-447E-A362-42C5B2D8BF7B}.Debug|x86.ActiveCfg = Debug|Any CPU
		{C88E8EE3-D088-447E-A362-42C5B2D8BF7B}.Debug|x86.Build.0 = Debug|Any CPU
		{C88E8EE3-D088-447E-A362-42C5B2D8BF7B}.Release|Any CPU.ActiveCfg = Release|Any CPU
		{C88E8EE3-D088-447E-A362-42C5B2D8BF7B}.Release|Any CPU.Build.0 = Release|Any CPU
		{C88E8EE3-D088-447E-A362-42C5B2D8BF7B}.Release|x64.ActiveCfg = Release|Any CPU
		{C88E8EE3-D088-447E-A362-42C5B2D8BF7B}.Release|x64.Build.0 = Release|Any CPU
		{C88E8EE3-D088-447E-A362-42C5B2D8BF7B}.Release|x86.ActiveCfg = Release|Any CPU
		{C88E8EE3-D088-447E-A362-42C5B2D8BF7B}.Release|x86.Build.0 = Release|Any CPU
		{6FFD9AD0-A541-4F47-B251-AE89EC03CD24}.Debug|Any CPU.ActiveCfg = Debug|Any CPU
		{6FFD9AD0-A541-4F47-B251-AE89EC03CD24}.Debug|Any CPU.Build.0 = Debug|Any CPU
		{6FFD9AD0-A541-4F47-B251-AE89EC03CD24}.Debug|x64.ActiveCfg = Debug|Any CPU
		{6FFD9AD0-A541-4F47-B251-AE89EC03CD24}.Debug|x64.Build.0 = Debug|Any CPU
		{6FFD9AD0-A541-4F47-B251-AE89EC03CD24}.Debug|x86.ActiveCfg = Debug|Any CPU
		{6FFD9AD0-A541-4F47-B251-AE89EC03CD24}.Debug|x86.Build.0 = Debug|Any CPU
		{6FFD9AD0-A541-4F47-B251-AE89EC03CD24}.Release|Any CPU.ActiveCfg = Release|Any CPU
		{6FFD9AD0-A541-4F47-B251-AE89EC03CD24}.Release|Any CPU.Build.0 = Release|Any CPU
		{6FFD9AD0-A541-4F47-B251-AE89EC03CD24}.Release|x64.ActiveCfg = Release|Any CPU
		{6FFD9AD0-A541-4F47-B251-AE89EC03CD24}.Release|x64.Build.0 = Release|Any CPU
		{6FFD9AD0-A541-4F47-B251-AE89EC03CD24}.Release|x86.ActiveCfg = Release|Any CPU
		{6FFD9AD0-A541-4F47-B251-AE89EC03CD24}.Release|x86.Build.0 = Release|Any CPU
		{21372B0D-E8A7-425B-AEC3-C422F5BC378B}.Debug|Any CPU.ActiveCfg = Debug|Any CPU
		{21372B0D-E8A7-425B-AEC3-C422F5BC378B}.Debug|Any CPU.Build.0 = Debug|Any CPU
		{21372B0D-E8A7-425B-AEC3-C422F5BC378B}.Debug|x64.ActiveCfg = Debug|Any CPU
		{21372B0D-E8A7-425B-AEC3-C422F5BC378B}.Debug|x64.Build.0 = Debug|Any CPU
		{21372B0D-E8A7-425B-AEC3-C422F5BC378B}.Debug|x86.ActiveCfg = Debug|Any CPU
		{21372B0D-E8A7-425B-AEC3-C422F5BC378B}.Debug|x86.Build.0 = Debug|Any CPU
		{21372B0D-E8A7-425B-AEC3-C422F5BC378B}.Release|Any CPU.ActiveCfg = Release|Any CPU
		{21372B0D-E8A7-425B-AEC3-C422F5BC378B}.Release|Any CPU.Build.0 = Release|Any CPU
		{21372B0D-E8A7-425B-AEC3-C422F5BC378B}.Release|x64.ActiveCfg = Release|Any CPU
		{21372B0D-E8A7-425B-AEC3-C422F5BC378B}.Release|x64.Build.0 = Release|Any CPU
		{21372B0D-E8A7-425B-AEC3-C422F5BC378B}.Release|x86.ActiveCfg = Release|Any CPU
		{21372B0D-E8A7-425B-AEC3-C422F5BC378B}.Release|x86.Build.0 = Release|Any CPU
		{15A52374-75BD-4E5D-8468-84CB06D814D2}.Debug|Any CPU.ActiveCfg = Debug|Any CPU
		{15A52374-75BD-4E5D-8468-84CB06D814D2}.Debug|Any CPU.Build.0 = Debug|Any CPU
		{15A52374-75BD-4E5D-8468-84CB06D814D2}.Debug|x64.ActiveCfg = Debug|Any CPU
		{15A52374-75BD-4E5D-8468-84CB06D814D2}.Debug|x64.Build.0 = Debug|Any CPU
		{15A52374-75BD-4E5D-8468-84CB06D814D2}.Debug|x86.ActiveCfg = Debug|Any CPU
		{15A52374-75BD-4E5D-8468-84CB06D814D2}.Debug|x86.Build.0 = Debug|Any CPU
		{15A52374-75BD-4E5D-8468-84CB06D814D2}.Release|Any CPU.ActiveCfg = Release|Any CPU
		{15A52374-75BD-4E5D-8468-84CB06D814D2}.Release|Any CPU.Build.0 = Release|Any CPU
		{15A52374-75BD-4E5D-8468-84CB06D814D2}.Release|x64.ActiveCfg = Release|Any CPU
		{15A52374-75BD-4E5D-8468-84CB06D814D2}.Release|x64.Build.0 = Release|Any CPU
		{15A52374-75BD-4E5D-8468-84CB06D814D2}.Release|x86.ActiveCfg = Release|Any CPU
		{15A52374-75BD-4E5D-8468-84CB06D814D2}.Release|x86.Build.0 = Release|Any CPU
		{2A12A8EA-BEB0-4617-A45E-A8D00A8783CF}.Debug|Any CPU.ActiveCfg = Debug|Any CPU
		{2A12A8EA-BEB0-4617-A45E-A8D00A8783CF}.Debug|Any CPU.Build.0 = Debug|Any CPU
		{2A12A8EA-BEB0-4617-A45E-A8D00A8783CF}.Debug|x64.ActiveCfg = Debug|Any CPU
		{2A12A8EA-BEB0-4617-A45E-A8D00A8783CF}.Debug|x64.Build.0 = Debug|Any CPU
		{2A12A8EA-BEB0-4617-A45E-A8D00A8783CF}.Debug|x86.ActiveCfg = Debug|Any CPU
		{2A12A8EA-BEB0-4617-A45E-A8D00A8783CF}.Debug|x86.Build.0 = Debug|Any CPU
		{2A12A8EA-BEB0-4617-A45E-A8D00A8783CF}.Release|Any CPU.ActiveCfg = Release|Any CPU
		{2A12A8EA-BEB0-4617-A45E-A8D00A8783CF}.Release|Any CPU.Build.0 = Release|Any CPU
		{2A12A8EA-BEB0-4617-A45E-A8D00A8783CF}.Release|x64.ActiveCfg = Release|Any CPU
		{2A12A8EA-BEB0-4617-A45E-A8D00A8783CF}.Release|x64.Build.0 = Release|Any CPU
		{2A12A8EA-BEB0-4617-A45E-A8D00A8783CF}.Release|x86.ActiveCfg = Release|Any CPU
		{2A12A8EA-BEB0-4617-A45E-A8D00A8783CF}.Release|x86.Build.0 = Release|Any CPU
		{6D2EAC15-648C-4E75-A5A9-3A350C687F6A}.Debug|Any CPU.ActiveCfg = Debug|Any CPU
		{6D2EAC15-648C-4E75-A5A9-3A350C687F6A}.Debug|Any CPU.Build.0 = Debug|Any CPU
		{6D2EAC15-648C-4E75-A5A9-3A350C687F6A}.Debug|x64.ActiveCfg = Debug|Any CPU
		{6D2EAC15-648C-4E75-A5A9-3A350C687F6A}.Debug|x64.Build.0 = Debug|Any CPU
		{6D2EAC15-648C-4E75-A5A9-3A350C687F6A}.Debug|x86.ActiveCfg = Debug|Any CPU
		{6D2EAC15-648C-4E75-A5A9-3A350C687F6A}.Debug|x86.Build.0 = Debug|Any CPU
		{6D2EAC15-648C-4E75-A5A9-3A350C687F6A}.Release|Any CPU.ActiveCfg = Release|Any CPU
		{6D2EAC15-648C-4E75-A5A9-3A350C687F6A}.Release|Any CPU.Build.0 = Release|Any CPU
		{6D2EAC15-648C-4E75-A5A9-3A350C687F6A}.Release|x64.ActiveCfg = Release|Any CPU
		{6D2EAC15-648C-4E75-A5A9-3A350C687F6A}.Release|x64.Build.0 = Release|Any CPU
		{6D2EAC15-648C-4E75-A5A9-3A350C687F6A}.Release|x86.ActiveCfg = Release|Any CPU
		{6D2EAC15-648C-4E75-A5A9-3A350C687F6A}.Release|x86.Build.0 = Release|Any CPU
		{7A0959F9-A796-4F82-AC53-B0299C5E7F0B}.Debug|Any CPU.ActiveCfg = Debug|Any CPU
		{7A0959F9-A796-4F82-AC53-B0299C5E7F0B}.Debug|Any CPU.Build.0 = Debug|Any CPU
		{7A0959F9-A796-4F82-AC53-B0299C5E7F0B}.Debug|x64.ActiveCfg = Debug|Any CPU
		{7A0959F9-A796-4F82-AC53-B0299C5E7F0B}.Debug|x64.Build.0 = Debug|Any CPU
		{7A0959F9-A796-4F82-AC53-B0299C5E7F0B}.Debug|x86.ActiveCfg = Debug|Any CPU
		{7A0959F9-A796-4F82-AC53-B0299C5E7F0B}.Debug|x86.Build.0 = Debug|Any CPU
		{7A0959F9-A796-4F82-AC53-B0299C5E7F0B}.Release|Any CPU.ActiveCfg = Release|Any CPU
		{7A0959F9-A796-4F82-AC53-B0299C5E7F0B}.Release|Any CPU.Build.0 = Release|Any CPU
		{7A0959F9-A796-4F82-AC53-B0299C5E7F0B}.Release|x64.ActiveCfg = Release|Any CPU
		{7A0959F9-A796-4F82-AC53-B0299C5E7F0B}.Release|x64.Build.0 = Release|Any CPU
		{7A0959F9-A796-4F82-AC53-B0299C5E7F0B}.Release|x86.ActiveCfg = Release|Any CPU
		{7A0959F9-A796-4F82-AC53-B0299C5E7F0B}.Release|x86.Build.0 = Release|Any CPU
		{502C0B13-92E8-4869-83E8-9B1A5F4FDD53}.Debug|Any CPU.ActiveCfg = Debug|Any CPU
		{502C0B13-92E8-4869-83E8-9B1A5F4FDD53}.Debug|Any CPU.Build.0 = Debug|Any CPU
		{502C0B13-92E8-4869-83E8-9B1A5F4FDD53}.Debug|x64.ActiveCfg = Debug|Any CPU
		{502C0B13-92E8-4869-83E8-9B1A5F4FDD53}.Debug|x64.Build.0 = Debug|Any CPU
		{502C0B13-92E8-4869-83E8-9B1A5F4FDD53}.Debug|x86.ActiveCfg = Debug|Any CPU
		{502C0B13-92E8-4869-83E8-9B1A5F4FDD53}.Debug|x86.Build.0 = Debug|Any CPU
		{502C0B13-92E8-4869-83E8-9B1A5F4FDD53}.Release|Any CPU.ActiveCfg = Release|Any CPU
		{502C0B13-92E8-4869-83E8-9B1A5F4FDD53}.Release|Any CPU.Build.0 = Release|Any CPU
		{502C0B13-92E8-4869-83E8-9B1A5F4FDD53}.Release|x64.ActiveCfg = Release|Any CPU
		{502C0B13-92E8-4869-83E8-9B1A5F4FDD53}.Release|x64.Build.0 = Release|Any CPU
		{502C0B13-92E8-4869-83E8-9B1A5F4FDD53}.Release|x86.ActiveCfg = Release|Any CPU
		{502C0B13-92E8-4869-83E8-9B1A5F4FDD53}.Release|x86.Build.0 = Release|Any CPU
		{30F16C9C-8B07-446C-8D62-57E402AAC644}.Debug|Any CPU.ActiveCfg = Debug|Any CPU
		{30F16C9C-8B07-446C-8D62-57E402AAC644}.Debug|Any CPU.Build.0 = Debug|Any CPU
		{30F16C9C-8B07-446C-8D62-57E402AAC644}.Debug|x64.ActiveCfg = Debug|Any CPU
		{30F16C9C-8B07-446C-8D62-57E402AAC644}.Debug|x64.Build.0 = Debug|Any CPU
		{30F16C9C-8B07-446C-8D62-57E402AAC644}.Debug|x86.ActiveCfg = Debug|Any CPU
		{30F16C9C-8B07-446C-8D62-57E402AAC644}.Debug|x86.Build.0 = Debug|Any CPU
		{30F16C9C-8B07-446C-8D62-57E402AAC644}.Release|Any CPU.ActiveCfg = Release|Any CPU
		{30F16C9C-8B07-446C-8D62-57E402AAC644}.Release|Any CPU.Build.0 = Release|Any CPU
		{30F16C9C-8B07-446C-8D62-57E402AAC644}.Release|x64.ActiveCfg = Release|Any CPU
		{30F16C9C-8B07-446C-8D62-57E402AAC644}.Release|x64.Build.0 = Release|Any CPU
		{30F16C9C-8B07-446C-8D62-57E402AAC644}.Release|x86.ActiveCfg = Release|Any CPU
		{30F16C9C-8B07-446C-8D62-57E402AAC644}.Release|x86.Build.0 = Release|Any CPU
	EndGlobalSection
	GlobalSection(SolutionProperties) = preSolution
		HideSolutionNode = FALSE
	EndGlobalSection
	GlobalSection(NestedProjects) = preSolution
		{8D626EA8-CB54-BC41-363A-217881BEBA6E} = {827E0CD3-B72D-47B6-A68D-7590B98EB39B}
		{C6D67143-2CA2-4F5C-AEC1-6F69846417CD} = {8D626EA8-CB54-BC41-363A-217881BEBA6E}
		{30E978CA-8FB5-49BC-B9C1-EC3630284D8D} = {8D626EA8-CB54-BC41-363A-217881BEBA6E}
		{9048EB7F-3875-A59E-E36B-5BD4C6F2A282} = {827E0CD3-B72D-47B6-A68D-7590B98EB39B}
		{065D8432-FBD6-46C5-86BA-5C04BC267694} = {9048EB7F-3875-A59E-E36B-5BD4C6F2A282}
		{684601A9-296F-4EEA-9163-D8135E9A3B51} = {9048EB7F-3875-A59E-E36B-5BD4C6F2A282}
		{3470EE7D-8FEF-48A6-B3F0-D4ADACE3071E} = {9048EB7F-3875-A59E-E36B-5BD4C6F2A282}
		{6996BBF7-DB31-59BC-C7DD-9A7CCC6138C4} = {827E0CD3-B72D-47B6-A68D-7590B98EB39B}
		{285320FA-C9AE-42B6-9987-F8D14E2E1405} = {6996BBF7-DB31-59BC-C7DD-9A7CCC6138C4}
		{F489E2D5-C65D-9AA9-2B96-C7DF79630172} = {827E0CD3-B72D-47B6-A68D-7590B98EB39B}
		{791A1774-498E-43B4-AE57-3E15F20F8501} = {F489E2D5-C65D-9AA9-2B96-C7DF79630172}
		{81745390-D813-4BF3-9AFA-9F2AB9E8485A} = {F489E2D5-C65D-9AA9-2B96-C7DF79630172}
		{5C35D9BE-388A-8745-CD5F-BB8E361A8720} = {0AB3BF05-4346-4AA6-1389-037BE0695223}
		{AE97D77F-6AF2-40FE-B097-40DDDFA11745} = {5C35D9BE-388A-8745-CD5F-BB8E361A8720}
		{46DB2173-9A36-400D-9654-18F0F3308730} = {5C35D9BE-388A-8745-CD5F-BB8E361A8720}
		{2CDFC2B4-03A0-2A52-1000-A892D95DD3FA} = {0AB3BF05-4346-4AA6-1389-037BE0695223}
		{217FB4B8-AF4D-471F-ACB4-B876DAEF2224} = {2CDFC2B4-03A0-2A52-1000-A892D95DD3FA}
		{0AC03C31-B774-41C7-BB7B-6B75D5E83E87} = {2CDFC2B4-03A0-2A52-1000-A892D95DD3FA}
		{A63B96E9-70FC-0FDC-3588-905A57B46513} = {0AB3BF05-4346-4AA6-1389-037BE0695223}
		{432EB9FF-31F5-4347-8D64-9B659A9BFE8B} = {A63B96E9-70FC-0FDC-3588-905A57B46513}
		{E6D33209-29F2-45D1-BDFB-22A9AD083626} = {0AB3BF05-4346-4AA6-1389-037BE0695223}
		{C61F4B8B-C54E-4002-BA1C-D326B731384A} = {9048EB7F-3875-A59E-E36B-5BD4C6F2A282}
		{E35F4364-8BAF-4A8E-9773-9A5B64131350} = {2CDFC2B4-03A0-2A52-1000-A892D95DD3FA}
		{8347A549-7548-4894-A9C2-877DB945ADAD} = {2CDFC2B4-03A0-2A52-1000-A892D95DD3FA}
		{461602C4-8782-4CBA-9706-7560D3FE726E} = {9048EB7F-3875-A59E-E36B-5BD4C6F2A282}
		{FBECEB27-CBED-40F7-A48D-2E2E04ABA5CB} = {2CDFC2B4-03A0-2A52-1000-A892D95DD3FA}
		{C93428E9-4FBC-46FC-86A5-2397FCE5CFB7} = {9048EB7F-3875-A59E-E36B-5BD4C6F2A282}
		{C5FEDE59-5FF4-4E5F-B431-FCEA4BDB0F31} = {2CDFC2B4-03A0-2A52-1000-A892D95DD3FA}
		{5173B25B-5412-4EB4-A44A-1E97E56A11FA} = {9048EB7F-3875-A59E-E36B-5BD4C6F2A282}
		{C88E8EE3-D088-447E-A362-42C5B2D8BF7B} = {2CDFC2B4-03A0-2A52-1000-A892D95DD3FA}
		{6FFD9AD0-A541-4F47-B251-AE89EC03CD24} = {9048EB7F-3875-A59E-E36B-5BD4C6F2A282}
		{21372B0D-E8A7-425B-AEC3-C422F5BC378B} = {2CDFC2B4-03A0-2A52-1000-A892D95DD3FA}
		{15A52374-75BD-4E5D-8468-84CB06D814D2} = {9048EB7F-3875-A59E-E36B-5BD4C6F2A282}
		{2A12A8EA-BEB0-4617-A45E-A8D00A8783CF} = {2CDFC2B4-03A0-2A52-1000-A892D95DD3FA}
		{6D2EAC15-648C-4E75-A5A9-3A350C687F6A} = {9048EB7F-3875-A59E-E36B-5BD4C6F2A282}
		{7A0959F9-A796-4F82-AC53-B0299C5E7F0B} = {2CDFC2B4-03A0-2A52-1000-A892D95DD3FA}
		{502C0B13-92E8-4869-83E8-9B1A5F4FDD53} = {FBF56CC3-7AE6-AD2D-3F14-7F97FD322CD6}
		{30F16C9C-8B07-446C-8D62-57E402AAC644} = {5C35D9BE-388A-8745-CD5F-BB8E361A8720}
	EndGlobalSection
EndGlobal
